
Microsoft Visual Studio Solution File, Format Version 12.00
# Visual Studio Version 17
VisualStudioVersion = 17.7.34018.315
MinimumVisualStudioVersion = 10.0.40219.1
Project("{FAE04EC0-301F-11D3-BF4B-00C04F79EFBC}") = "BookStoreAPI", "BookStoreAPI.csproj", "{C58A0895-57DD-415B-BE70-F5DF15E843A7}"
EndProject
Global
	GlobalSection(SolutionConfigurationPlatforms) = preSolution
		Debug|Any CPU = Debug|Any CPU
		Release|Any CPU = Release|Any CPU
	EndGlobalSection
	GlobalSection(ProjectConfigurationPlatforms) = postSolution
		{C58A0895-57DD-415B-BE70-F5DF15E843A7}.Debug|Any CPU.ActiveCfg = Debug|Any CPU
		{C58A0895-57DD-415B-BE70-F5DF15E843A7}.Debug|Any CPU.Build.0 = Debug|Any CPU
		{C58A0895-57DD-415B-BE70-F5DF15E843A7}.Release|Any CPU.ActiveCfg = Release|Any CPU
		{C58A0895-57DD-415B-BE70-F5DF15E843A7}.Release|Any CPU.Build.0 = Release|Any CPU
	EndGlobalSection
	GlobalSection(SolutionProperties) = preSolution
		HideSolutionNode = FALSE
	EndGlobalSection
	GlobalSection(ExtensibilityGlobals) = postSolution
		SolutionGuid = {D4D4AB3C-C51B-4476-A9ED-B900D4E243FF}
	EndGlobalSection
EndGlobal
